
Microsoft Visual Studio Solution File, Format Version 12.00
# Visual Studio Version 17
VisualStudioVersion = 17.5.002.0
MinimumVisualStudioVersion = 10.0.40219.1
Project("{9A19103F-16F7-4668-BE54-9A1E7A4F7556}") = "ConsoleApp1", "ConsoleApp1\ConsoleApp1.csproj", "{F275E963-E6EE-4A80-AAB7-1D4A8D1DAECD}"
EndProject
Global
	GlobalSection(SolutionConfigurationPlatforms) = preSolution
		Debug|Any CPU = Debug|Any CPU
		Release|Any CPU = Release|Any CPU
	EndGlobalSection
	GlobalSection(ProjectConfigurationPlatforms) = postSolution
		{F275E963-E6EE-4A80-AAB7-1D4A8D1DAECD}.Debug|Any CPU.ActiveCfg = Debug|Any CPU
		{F275E963-E6EE-4A80-AAB7-1D4A8D1DAECD}.Debug|Any CPU.Build.0 = Debug|Any CPU
		{F275E963-E6EE-4A80-AAB7-1D4A8D1DAECD}.Release|Any CPU.ActiveCfg = Release|Any CPU
		{F275E963-E6EE-4A80-AAB7-1D4A8D1DAECD}.Release|Any CPU.Build.0 = Release|Any CPU
	EndGlobalSection
	GlobalSection(SolutionProperties) = preSolution
		HideSolutionNode = FALSE
	EndGlobalSection
	GlobalSection(ExtensibilityGlobals) = postSolution
		SolutionGuid = {0597CECA-F5EE-4CAA-80CD-9F09AF2C7DA3}
	EndGlobalSection
EndGlobal
